// !$*UTF8*$!
{
	archiveVersion = 1;
	classes = {
	};
	objectVersion = 46;
	objects = {

/* Begin PBXBuildFile section */
		0170FD161A842AA9007D4B76 /* AppDelegate.swift in Sources */ = {isa = PBXBuildFile; fileRef = 0170FD151A842AA9007D4B76 /* AppDelegate.swift */; };
		0170FD181A842AA9007D4B76 /* ViewController.swift in Sources */ = {isa = PBXBuildFile; fileRef = 0170FD171A842AA9007D4B76 /* ViewController.swift */; };
		0170FD1B1A842AA9007D4B76 /* Main.storyboard in Resources */ = {isa = PBXBuildFile; fileRef = 0170FD191A842AA9007D4B76 /* Main.storyboard */; };
		0170FD1D1A842AA9007D4B76 /* Images.xcassets in Resources */ = {isa = PBXBuildFile; fileRef = 0170FD1C1A842AA9007D4B76 /* Images.xcassets */; };
		0170FD201A842AA9007D4B76 /* LaunchScreen.xib in Resources */ = {isa = PBXBuildFile; fileRef = 0170FD1E1A842AA9007D4B76 /* LaunchScreen.xib */; };
		0170FD2C1A842AA9007D4B76 /* RITVenderTests.swift in Sources */ = {isa = PBXBuildFile; fileRef = 0170FD2B1A842AA9007D4B76 /* RITVenderTests.swift */; };
		0170FD361A842CA9007D4B76 /* AVFoundation.framework in Frameworks */ = {isa = PBXBuildFile; fileRef = 0170FD351A842CA9007D4B76 /* AVFoundation.framework */; };
		019A2A891A85AEE100743D5B /* MachineFinder.swift in Sources */ = {isa = PBXBuildFile; fileRef = 019A2A881A85AEE100743D5B /* MachineFinder.swift */; };
		01E23C381A8592FE0083798A /* CoreLocation.framework in Frameworks */ = {isa = PBXBuildFile; fileRef = 01E23C371A8592FE0083798A /* CoreLocation.framework */; };
		7DADF6021A84425700E539E5 /* vending.json in Resources */ = {isa = PBXBuildFile; fileRef = 7DADF6011A84425700E539E5 /* vending.json */; };
		7DBE18AF1A843DED00F4A60D /* Vending.swift in Sources */ = {isa = PBXBuildFile; fileRef = 7DBE18AE1A843DED00F4A60D /* Vending.swift */; };
		7DFEFF1B1A857BFA00DD9706 /* Machine.swift in Sources */ = {isa = PBXBuildFile; fileRef = 7DFEFF1A1A857BFA00DD9706 /* Machine.swift */; };
/* End PBXBuildFile section */

/* Begin PBXContainerItemProxy section */
		0170FD261A842AA9007D4B76 /* PBXContainerItemProxy */ = {
			isa = PBXContainerItemProxy;
			containerPortal = 0170FD081A842AA8007D4B76 /* Project object */;
			proxyType = 1;
			remoteGlobalIDString = 0170FD0F1A842AA9007D4B76;
			remoteInfo = RITVender;
		};
/* End PBXContainerItemProxy section */

/* Begin PBXFileReference section */
		0170FD101A842AA9007D4B76 /* RITVender.app */ = {isa = PBXFileReference; explicitFileType = wrapper.application; includeInIndex = 0; path = RITVender.app; sourceTree = BUILT_PRODUCTS_DIR; };
		0170FD141A842AA9007D4B76 /* Info.plist */ = {isa = PBXFileReference; lastKnownFileType = text.plist.xml; path = Info.plist; sourceTree = "<group>"; };
		0170FD151A842AA9007D4B76 /* AppDelegate.swift */ = {isa = PBXFileReference; lastKnownFileType = sourcecode.swift; path = AppDelegate.swift; sourceTree = "<group>"; };
		0170FD171A842AA9007D4B76 /* ViewController.swift */ = {isa = PBXFileReference; lastKnownFileType = sourcecode.swift; path = ViewController.swift; sourceTree = "<group>"; };
		0170FD1A1A842AA9007D4B76 /* Base */ = {isa = PBXFileReference; lastKnownFileType = file.storyboard; name = Base; path = Base.lproj/Main.storyboard; sourceTree = "<group>"; };
		0170FD1C1A842AA9007D4B76 /* Images.xcassets */ = {isa = PBXFileReference; lastKnownFileType = folder.assetcatalog; path = Images.xcassets; sourceTree = "<group>"; };
		0170FD1F1A842AA9007D4B76 /* Base */ = {isa = PBXFileReference; lastKnownFileType = file.xib; name = Base; path = Base.lproj/LaunchScreen.xib; sourceTree = "<group>"; };
		0170FD251A842AA9007D4B76 /* RITVenderTests.xctest */ = {isa = PBXFileReference; explicitFileType = wrapper.cfbundle; includeInIndex = 0; path = RITVenderTests.xctest; sourceTree = BUILT_PRODUCTS_DIR; };
		0170FD2A1A842AA9007D4B76 /* Info.plist */ = {isa = PBXFileReference; lastKnownFileType = text.plist.xml; path = Info.plist; sourceTree = "<group>"; };
		0170FD2B1A842AA9007D4B76 /* RITVenderTests.swift */ = {isa = PBXFileReference; lastKnownFileType = sourcecode.swift; path = RITVenderTests.swift; sourceTree = "<group>"; };
		0170FD351A842CA9007D4B76 /* AVFoundation.framework */ = {isa = PBXFileReference; lastKnownFileType = wrapper.framework; name = AVFoundation.framework; path = System/Library/Frameworks/AVFoundation.framework; sourceTree = SDKROOT; };
		019A2A881A85AEE100743D5B /* MachineFinder.swift */ = {isa = PBXFileReference; fileEncoding = 4; lastKnownFileType = sourcecode.swift; path = MachineFinder.swift; sourceTree = "<group>"; };
		01E23C371A8592FE0083798A /* CoreLocation.framework */ = {isa = PBXFileReference; lastKnownFileType = wrapper.framework; name = CoreLocation.framework; path = System/Library/Frameworks/CoreLocation.framework; sourceTree = SDKROOT; };
		7DADF6011A84425700E539E5 /* vending.json */ = {isa = PBXFileReference; fileEncoding = 4; lastKnownFileType = text.json; path = vending.json; sourceTree = "<group>"; };
		7DBE18AE1A843DED00F4A60D /* Vending.swift */ = {isa = PBXFileReference; fileEncoding = 4; lastKnownFileType = sourcecode.swift; path = Vending.swift; sourceTree = "<group>"; };
		7DFEFF1A1A857BFA00DD9706 /* Machine.swift */ = {isa = PBXFileReference; fileEncoding = 4; lastKnownFileType = sourcecode.swift; path = Machine.swift; sourceTree = "<group>"; };
/* End PBXFileReference section */

/* Begin PBXFrameworksBuildPhase section */
		0170FD0D1A842AA9007D4B76 /* Frameworks */ = {
			isa = PBXFrameworksBuildPhase;
			buildActionMask = 2147483647;
			files = (
				01E23C381A8592FE0083798A /* CoreLocation.framework in Frameworks */,
				0170FD361A842CA9007D4B76 /* AVFoundation.framework in Frameworks */,
			);
			runOnlyForDeploymentPostprocessing = 0;
		};
		0170FD221A842AA9007D4B76 /* Frameworks */ = {
			isa = PBXFrameworksBuildPhase;
			buildActionMask = 2147483647;
			files = (
			);
			runOnlyForDeploymentPostprocessing = 0;
		};
/* End PBXFrameworksBuildPhase section */

/* Begin PBXGroup section */
		0170FD071A842AA8007D4B76 = {
			isa = PBXGroup;
			children = (
				0170FD371A842CBA007D4B76 /* Frameworks */,
				0170FD121A842AA9007D4B76 /* RITVender */,
				0170FD281A842AA9007D4B76 /* RITVenderTests */,
				0170FD111A842AA9007D4B76 /* Products */,
			);
			sourceTree = "<group>";
		};
		0170FD111A842AA9007D4B76 /* Products */ = {
			isa = PBXGroup;
			children = (
				0170FD101A842AA9007D4B76 /* RITVender.app */,
				0170FD251A842AA9007D4B76 /* RITVenderTests.xctest */,
			);
			name = Products;
			sourceTree = "<group>";
		};
		0170FD121A842AA9007D4B76 /* RITVender */ = {
			isa = PBXGroup;
			children = (
				0170FD151A842AA9007D4B76 /* AppDelegate.swift */,
				0170FD171A842AA9007D4B76 /* ViewController.swift */,
				019A2A881A85AEE100743D5B /* MachineFinder.swift */,
				7DFEFF1A1A857BFA00DD9706 /* Machine.swift */,
				7DBE18AE1A843DED00F4A60D /* Vending.swift */,
				7DADF6011A84425700E539E5 /* vending.json */,
				0170FD191A842AA9007D4B76 /* Main.storyboard */,
				0170FD1C1A842AA9007D4B76 /* Images.xcassets */,
				0170FD1E1A842AA9007D4B76 /* LaunchScreen.xib */,
				0170FD131A842AA9007D4B76 /* Supporting Files */,
			);
			path = RITVender;
			sourceTree = "<group>";
		};
		0170FD131A842AA9007D4B76 /* Supporting Files */ = {
			isa = PBXGroup;
			children = (
				0170FD141A842AA9007D4B76 /* Info.plist */,
			);
			name = "Supporting Files";
			sourceTree = "<group>";
		};
		0170FD281A842AA9007D4B76 /* RITVenderTests */ = {
			isa = PBXGroup;
			children = (
				0170FD2B1A842AA9007D4B76 /* RITVenderTests.swift */,
				0170FD291A842AA9007D4B76 /* Supporting Files */,
			);
			path = RITVenderTests;
			sourceTree = "<group>";
		};
		0170FD291A842AA9007D4B76 /* Supporting Files */ = {
			isa = PBXGroup;
			children = (
				0170FD2A1A842AA9007D4B76 /* Info.plist */,
			);
			name = "Supporting Files";
			sourceTree = "<group>";
		};
		0170FD371A842CBA007D4B76 /* Frameworks */ = {
			isa = PBXGroup;
			children = (
				01E23C371A8592FE0083798A /* CoreLocation.framework */,
				0170FD351A842CA9007D4B76 /* AVFoundation.framework */,
			);
			name = Frameworks;
			sourceTree = "<group>";
		};
/* End PBXGroup section */

/* Begin PBXNativeTarget section */
		0170FD0F1A842AA9007D4B76 /* RITVender */ = {
			isa = PBXNativeTarget;
			buildConfigurationList = 0170FD2F1A842AA9007D4B76 /* Build configuration list for PBXNativeTarget "RITVender" */;
			buildPhases = (
				0170FD0C1A842AA9007D4B76 /* Sources */,
				0170FD0D1A842AA9007D4B76 /* Frameworks */,
				0170FD0E1A842AA9007D4B76 /* Resources */,
			);
			buildRules = (
			);
			dependencies = (
			);
			name = RITVender;
			productName = RITVender;
			productReference = 0170FD101A842AA9007D4B76 /* RITVender.app */;
			productType = "com.apple.product-type.application";
		};
		0170FD241A842AA9007D4B76 /* RITVenderTests */ = {
			isa = PBXNativeTarget;
			buildConfigurationList = 0170FD321A842AA9007D4B76 /* Build configuration list for PBXNativeTarget "RITVenderTests" */;
			buildPhases = (
				0170FD211A842AA9007D4B76 /* Sources */,
				0170FD221A842AA9007D4B76 /* Frameworks */,
				0170FD231A842AA9007D4B76 /* Resources */,
			);
			buildRules = (
			);
			dependencies = (
				0170FD271A842AA9007D4B76 /* PBXTargetDependency */,
			);
			name = RITVenderTests;
			productName = RITVenderTests;
			productReference = 0170FD251A842AA9007D4B76 /* RITVenderTests.xctest */;
			productType = "com.apple.product-type.bundle.unit-test";
		};
/* End PBXNativeTarget section */

/* Begin PBXProject section */
		0170FD081A842AA8007D4B76 /* Project object */ = {
			isa = PBXProject;
			attributes = {
				LastUpgradeCheck = 0610;
				ORGANIZATIONNAME = "Big Window Studios";
				TargetAttributes = {
					0170FD0F1A842AA9007D4B76 = {
						CreatedOnToolsVersion = 6.1;
					};
					0170FD241A842AA9007D4B76 = {
						CreatedOnToolsVersion = 6.1;
						TestTargetID = 0170FD0F1A842AA9007D4B76;
					};
				};
			};
			buildConfigurationList = 0170FD0B1A842AA8007D4B76 /* Build configuration list for PBXProject "RITVender" */;
			compatibilityVersion = "Xcode 3.2";
			developmentRegion = English;
			hasScannedForEncodings = 0;
			knownRegions = (
				en,
				Base,
			);
			mainGroup = 0170FD071A842AA8007D4B76;
			productRefGroup = 0170FD111A842AA9007D4B76 /* Products */;
			projectDirPath = "";
			projectRoot = "";
			targets = (
				0170FD0F1A842AA9007D4B76 /* RITVender */,
				0170FD241A842AA9007D4B76 /* RITVenderTests */,
			);
		};
/* End PBXProject section */

/* Begin PBXResourcesBuildPhase section */
		0170FD0E1A842AA9007D4B76 /* Resources */ = {
			isa = PBXResourcesBuildPhase;
			buildActionMask = 2147483647;
			files = (
				0170FD1B1A842AA9007D4B76 /* Main.storyboard in Resources */,
				0170FD201A842AA9007D4B76 /* LaunchScreen.xib in Resources */,
				0170FD1D1A842AA9007D4B76 /* Images.xcassets in Resources */,
				7DADF6021A84425700E539E5 /* vending.json in Resources */,
			);
			runOnlyForDeploymentPostprocessing = 0;
		};
		0170FD231A842AA9007D4B76 /* Resources */ = {
			isa = PBXResourcesBuildPhase;
			buildActionMask = 2147483647;
			files = (
			);
			runOnlyForDeploymentPostprocessing = 0;
		};
/* End PBXResourcesBuildPhase section */

/* Begin PBXSourcesBuildPhase section */
		0170FD0C1A842AA9007D4B76 /* Sources */ = {
			isa = PBXSourcesBuildPhase;
			buildActionMask = 2147483647;
			files = (
				019A2A891A85AEE100743D5B /* MachineFinder.swift in Sources */,
				7DBE18AF1A843DED00F4A60D /* Vending.swift in Sources */,
				7DFEFF1B1A857BFA00DD9706 /* Machine.swift in Sources */,
				0170FD181A842AA9007D4B76 /* ViewController.swift in Sources */,
				0170FD161A842AA9007D4B76 /* AppDelegate.swift in Sources */,
			);
			runOnlyForDeploymentPostprocessing = 0;
		};
		0170FD211A842AA9007D4B76 /* Sources */ = {
			isa = PBXSourcesBuildPhase;
			buildActionMask = 2147483647;
			files = (
				0170FD2C1A842AA9007D4B76 /* RITVenderTests.swift in Sources */,
			);
			runOnlyForDeploymentPostprocessing = 0;
		};
/* End PBXSourcesBuildPhase section */

/* Begin PBXTargetDependency section */
		0170FD271A842AA9007D4B76 /* PBXTargetDependency */ = {
			isa = PBXTargetDependency;
			target = 0170FD0F1A842AA9007D4B76 /* RITVender */;
			targetProxy = 0170FD261A842AA9007D4B76 /* PBXContainerItemProxy */;
		};
/* End PBXTargetDependency section */

/* Begin PBXVariantGroup section */
		0170FD191A842AA9007D4B76 /* Main.storyboard */ = {
			isa = PBXVariantGroup;
			children = (
				0170FD1A1A842AA9007D4B76 /* Base */,
			);
			name = Main.storyboard;
			sourceTree = "<group>";
		};
		0170FD1E1A842AA9007D4B76 /* LaunchScreen.xib */ = {
			isa = PBXVariantGroup;
			children = (
				0170FD1F1A842AA9007D4B76 /* Base */,
			);
			name = LaunchScreen.xib;
			sourceTree = "<group>";
		};
/* End PBXVariantGroup section */

/* Begin XCBuildConfiguration section */
		0170FD2D1A842AA9007D4B76 /* Debug */ = {
			isa = XCBuildConfiguration;
			buildSettings = {
				ALWAYS_SEARCH_USER_PATHS = NO;
				CLANG_CXX_LANGUAGE_STANDARD = "gnu++0x";
				CLANG_CXX_LIBRARY = "libc++";
				CLANG_ENABLE_MODULES = YES;
				CLANG_ENABLE_OBJC_ARC = YES;
				CLANG_WARN_BOOL_CONVERSION = YES;
				CLANG_WARN_CONSTANT_CONVERSION = YES;
				CLANG_WARN_DIRECT_OBJC_ISA_USAGE = YES_ERROR;
				CLANG_WARN_EMPTY_BODY = YES;
				CLANG_WARN_ENUM_CONVERSION = YES;
				CLANG_WARN_INT_CONVERSION = YES;
				CLANG_WARN_OBJC_ROOT_CLASS = YES_ERROR;
				CLANG_WARN_UNREACHABLE_CODE = YES;
				CLANG_WARN__DUPLICATE_METHOD_MATCH = YES;
				"CODE_SIGN_IDENTITY[sdk=iphoneos*]" = "iPhone Developer";
				COPY_PHASE_STRIP = NO;
				ENABLE_STRICT_OBJC_MSGSEND = YES;
				GCC_C_LANGUAGE_STANDARD = gnu99;
				GCC_DYNAMIC_NO_PIC = NO;
				GCC_OPTIMIZATION_LEVEL = 0;
				GCC_PREPROCESSOR_DEFINITIONS = (
					"DEBUG=1",
					"$(inherited)",
				);
				GCC_SYMBOLS_PRIVATE_EXTERN = NO;
				GCC_WARN_64_TO_32_BIT_CONVERSION = YES;
				GCC_WARN_ABOUT_RETURN_TYPE = YES_ERROR;
				GCC_WARN_UNDECLARED_SELECTOR = YES;
				GCC_WARN_UNINITIALIZED_AUTOS = YES_AGGRESSIVE;
				GCC_WARN_UNUSED_FUNCTION = YES;
				GCC_WARN_UNUSED_VARIABLE = YES;
				IPHONEOS_DEPLOYMENT_TARGET = 8.1;
				MTL_ENABLE_DEBUG_INFO = YES;
				ONLY_ACTIVE_ARCH = YES;
				SDKROOT = iphoneos;
				SWIFT_OPTIMIZATION_LEVEL = "-Onone";
			};
			name = Debug;
		};
		0170FD2E1A842AA9007D4B76 /* Release */ = {
			isa = XCBuildConfiguration;
			buildSettings = {
				ALWAYS_SEARCH_USER_PATHS = NO;
				CLANG_CXX_LANGUAGE_STANDARD = "gnu++0x";
				CLANG_CXX_LIBRARY = "libc++";
				CLANG_ENABLE_MODULES = YES;
				CLANG_ENABLE_OBJC_ARC = YES;
				CLANG_WARN_BOOL_CONVERSION = YES;
				CLANG_WARN_CONSTANT_CONVERSION = YES;
				CLANG_WARN_DIRECT_OBJC_ISA_USAGE = YES_ERROR;
				CLANG_WARN_EMPTY_BODY = YES;
				CLANG_WARN_ENUM_CONVERSION = YES;
				CLANG_WARN_INT_CONVERSION = YES;
				CLANG_WARN_OBJC_ROOT_CLASS = YES_ERROR;
				CLANG_WARN_UNREACHABLE_CODE = YES;
				CLANG_WARN__DUPLICATE_METHOD_MATCH = YES;
				"CODE_SIGN_IDENTITY[sdk=iphoneos*]" = "iPhone Developer";
				COPY_PHASE_STRIP = YES;
				ENABLE_NS_ASSERTIONS = NO;
				ENABLE_STRICT_OBJC_MSGSEND = YES;
				GCC_C_LANGUAGE_STANDARD = gnu99;
				GCC_WARN_64_TO_32_BIT_CONVERSION = YES;
				GCC_WARN_ABOUT_RETURN_TYPE = YES_ERROR;
				GCC_WARN_UNDECLARED_SELECTOR = YES;
				GCC_WARN_UNINITIALIZED_AUTOS = YES_AGGRESSIVE;
				GCC_WARN_UNUSED_FUNCTION = YES;
				GCC_WARN_UNUSED_VARIABLE = YES;
				IPHONEOS_DEPLOYMENT_TARGET = 8.1;
				MTL_ENABLE_DEBUG_INFO = NO;
				SDKROOT = iphoneos;
				VALIDATE_PRODUCT = YES;
			};
			name = Release;
		};
		0170FD301A842AA9007D4B76 /* Debug */ = {
			isa = XCBuildConfiguration;
			buildSettings = {
				ASSETCATALOG_COMPILER_APPICON_NAME = AppIcon;
				INFOPLIST_FILE = RITVender/Info.plist;
				IPHONEOS_DEPLOYMENT_TARGET = 8.0;
				LD_RUNPATH_SEARCH_PATHS = "$(inherited) @executable_path/Frameworks";
				PRODUCT_NAME = "$(TARGET_NAME)";
			};
			name = Debug;
		};
		0170FD311A842AA9007D4B76 /* Release */ = {
			isa = XCBuildConfiguration;
			buildSettings = {
				ASSETCATALOG_COMPILER_APPICON_NAME = AppIcon;
				INFOPLIST_FILE = RITVender/Info.plist;
				IPHONEOS_DEPLOYMENT_TARGET = 8.0;
				LD_RUNPATH_SEARCH_PATHS = "$(inherited) @executable_path/Frameworks";
				PRODUCT_NAME = "$(TARGET_NAME)";
			};
			name = Release;
		};
		0170FD331A842AA9007D4B76 /* Debug */ = {
			isa = XCBuildConfiguration;
			buildSettings = {
				BUNDLE_LOADER = "$(TEST_HOST)";
				FRAMEWORK_SEARCH_PATHS = (
					"$(SDKROOT)/Developer/Library/Frameworks",
					"$(inherited)",
				);
				GCC_PREPROCESSOR_DEFINITIONS = (
					"DEBUG=1",
					"$(inherited)",
				);
				INFOPLIST_FILE = RITVenderTests/Info.plist;
				LD_RUNPATH_SEARCH_PATHS = "$(inherited) @executable_path/Frameworks @loader_path/Frameworks";
				PRODUCT_NAME = "$(TARGET_NAME)";
				TEST_HOST = "$(BUILT_PRODUCTS_DIR)/RITVender.app/RITVender";
			};
			name = Debug;
		};
		0170FD341A842AA9007D4B76 /* Release */ = {
			isa = XCBuildConfiguration;
			buildSettings = {
				BUNDLE_LOADER = "$(TEST_HOST)";
				FRAMEWORK_SEARCH_PATHS = (
					"$(SDKROOT)/Developer/Library/Frameworks",
					"$(inherited)",
				);
				INFOPLIST_FILE = RITVenderTests/Info.plist;
				LD_RUNPATH_SEARCH_PATHS = "$(inherited) @executable_path/Frameworks @loader_path/Frameworks";
				PRODUCT_NAME = "$(TARGET_NAME)";
				TEST_HOST = "$(BUILT_PRODUCTS_DIR)/RITVender.app/RITVender";
			};
			name = Release;
		};
/* End XCBuildConfiguration section */

/* Begin XCConfigurationList section */
		0170FD0B1A842AA8007D4B76 /* Build configuration list for PBXProject "RITVender" */ = {
			isa = XCConfigurationList;
			buildConfigurations = (
				0170FD2D1A842AA9007D4B76 /* Debug */,
				0170FD2E1A842AA9007D4B76 /* Release */,
			);
			defaultConfigurationIsVisible = 0;
			defaultConfigurationName = Release;
		};
		0170FD2F1A842AA9007D4B76 /* Build configuration list for PBXNativeTarget "RITVender" */ = {
			isa = XCConfigurationList;
			buildConfigurations = (
				0170FD301A842AA9007D4B76 /* Debug */,
				0170FD311A842AA9007D4B76 /* Release */,
			);
			defaultConfigurationIsVisible = 0;
			defaultConfigurationName = Release;
		};
		0170FD321A842AA9007D4B76 /* Build configuration list for PBXNativeTarget "RITVenderTests" */ = {
			isa = XCConfigurationList;
			buildConfigurations = (
				0170FD331A842AA9007D4B76 /* Debug */,
				0170FD341A842AA9007D4B76 /* Release */,
			);
			defaultConfigurationIsVisible = 0;
			defaultConfigurationName = Release;
		};
/* End XCConfigurationList section */
	};
	rootObject = 0170FD081A842AA8007D4B76 /* Project object */;
}
